
Microsoft Visual Studio Solution File, Format Version 11.00
# Visual Studio 2010
Project("{F184B08F-C81C-45F6-A57F-5ABD9991F28F}") = "GSB-Suivi-RH1", "GSB-Suivi-RH1\GSB-Suivi-RH1.vbproj", "{0F020C47-7549-4431-B348-127F297678C1}"
EndProject
Global
	GlobalSection(SolutionConfigurationPlatforms) = preSolution
		Debug|x86 = Debug|x86
		Release|x86 = Release|x86
	EndGlobalSection
	GlobalSection(ProjectConfigurationPlatforms) = postSolution
		{0F020C47-7549-4431-B348-127F297678C1}.Debug|x86.ActiveCfg = Debug|x86
		{0F020C47-7549-4431-B348-127F297678C1}.Debug|x86.Build.0 = Debug|x86
		{0F020C47-7549-4431-B348-127F297678C1}.Release|x86.ActiveCfg = Release|x86
		{0F020C47-7549-4431-B348-127F297678C1}.Release|x86.Build.0 = Release|x86
	EndGlobalSection
	GlobalSection(SolutionProperties) = preSolution
		HideSolutionNode = FALSE
	EndGlobalSection
EndGlobal
